
Microsoft Visual Studio Solution File, Format Version 12.00
# Visual Studio Version 17
VisualStudioVersion = 17.10.34707.107
MinimumVisualStudioVersion = 10.0.40219.1
Project("{FAE04EC0-301F-11D3-BF4B-00C04F79EFBC}") = "GenAICreateQuestionsFromParagraphs", "GenAICreateQuestionsFromParagraphs\GenAICreateQuestionsFromParagraphs.csproj", "{A557EEAE-C320-4CD6-8FE2-C9E84E42710D}"
EndProject
Global
	GlobalSection(SolutionConfigurationPlatforms) = preSolution
		Debug|Any CPU = Debug|Any CPU
		Release|Any CPU = Release|Any CPU
	EndGlobalSection
	GlobalSection(ProjectConfigurationPlatforms) = postSolution
		{A557EEAE-C320-4CD6-8FE2-C9E84E42710D}.Debug|Any CPU.ActiveCfg = Debug|Any CPU
		{A557EEAE-C320-4CD6-8FE2-C9E84E42710D}.Debug|Any CPU.Build.0 = Debug|Any CPU
		{A557EEAE-C320-4CD6-8FE2-C9E84E42710D}.Release|Any CPU.ActiveCfg = Release|Any CPU
		{A557EEAE-C320-4CD6-8FE2-C9E84E42710D}.Release|Any CPU.Build.0 = Release|Any CPU
	EndGlobalSection
	GlobalSection(SolutionProperties) = preSolution
		HideSolutionNode = FALSE
	EndGlobalSection
	GlobalSection(ExtensibilityGlobals) = postSolution
		SolutionGuid = {82D4C96B-4337-42F5-8A27-56CC2C50FD02}
	EndGlobalSection
EndGlobal
